{
  "version": 4,
  "terraform_version": "1.14.2",
  "serial": 4,
  "lineage": "a9621734-860b-273a-9d44-f1f837ef0ec7",
  "outputs": {},
  "resources": [
    {
      "module": "module.oidc_apps[\"demo_web_app\"]",
      "mode": "managed",
      "type": "okta_app_oauth",
      "name": "this",
      "provider": "provider[\"registry.terraform.io/okta/okta\"]",
      "instances": [
        {
          "schema_version": 0,
          "attributes": {
            "accessibility_error_redirect_url": "",
            "accessibility_login_redirect_url": "",
            "accessibility_self_service": false,
            "admin_note": "",
            "app_links_json": null,
            "app_settings_json": "{\"app\":{},\"manualProvisioning\":false}",
            "authentication_policy": null,
            "auto_key_rotation": true,
            "auto_submit_toolbar": false,
            "client_basic_secret": null,
            "client_id": "0oayx4sey61p51p8r697",
            "client_secret": "m3Qx9txuQmrrcf86cYhBo-98tWcswlAdy7OK9ZL9Dr0lCUfdhvLA8aKSAaekk289",
            "client_uri": "",
            "consent_method": "TRUSTED",
            "enduser_note": "",
            "frontchannel_logout_session_required": false,
            "frontchannel_logout_uri": "",
            "grant_types": [
              "authorization_code",
              "refresh_token"
            ],
            "groups_claim": [],
            "hide_ios": true,
            "hide_web": true,
            "id": "0oayx4sey61p51p8r697",
            "implicit_assignment": false,
            "issuer_mode": "ORG_URL",
            "jwks": [],
            "jwks_uri": "",
            "label": "Test-App1",
            "login_mode": "DISABLED",
            "login_scopes": null,
            "login_uri": "",
            "logo": null,
            "logo_uri": "",
            "logo_url": "",
            "name": "oidc_client",
            "omit_secret": false,
            "participate_slo": false,
            "pkce_required": false,
            "policy_uri": "",
            "post_logout_redirect_uris": [
              "https://example.com"
            ],
            "profile": "",
            "redirect_uris": [
              "https://test.example.com/callback"
            ],
            "refresh_token_leeway": 0,
            "refresh_token_rotation": "STATIC",
            "response_types": [
              "code"
            ],
            "sign_on_mode": "OPENID_CONNECT",
            "status": "ACTIVE",
            "timeouts": null,
            "token_endpoint_auth_method": "client_secret_basic",
            "tos_uri": "",
            "type": "web",
            "user_name_template": "${source.login}",
            "user_name_template_push_status": "",
            "user_name_template_suffix": "",
            "user_name_template_type": "BUILT_IN",
            "wildcard_redirect": "DISABLED"
          },
          "sensitive_attributes": [
            [
              {
                "type": "get_attr",
                "value": "client_basic_secret"
              }
            ],
            [
              {
                "type": "get_attr",
                "value": "client_secret"
              }
            ]
          ],
          "identity_schema_version": 0,
          "private": "eyJlMmJmYjczMC1lY2FhLTExZTYtOGY4OC0zNDM2M2JjN2M0YzAiOnsiY3JlYXRlIjozNjAwMDAwMDAwMDAwLCJyZWFkIjozNjAwMDAwMDAwMDAwLCJ1cGRhdGUiOjM2MDAwMDAwMDAwMDB9fQ=="
        }
      ]
    },
    {
      "module": "module.oidc_apps[\"reporting_app\"]",
      "mode": "managed",
      "type": "okta_app_oauth",
      "name": "this",
      "provider": "provider[\"registry.terraform.io/okta/okta\"]",
      "instances": [
        {
          "schema_version": 0,
          "attributes": {
            "accessibility_error_redirect_url": "",
            "accessibility_login_redirect_url": "",
            "accessibility_self_service": false,
            "admin_note": "",
            "app_links_json": null,
            "app_settings_json": "{\"app\":{},\"manualProvisioning\":false}",
            "authentication_policy": null,
            "auto_key_rotation": true,
            "auto_submit_toolbar": false,
            "client_basic_secret": null,
            "client_id": "0oayx4pszgzL9w4RY697",
            "client_secret": "Sy2ZAXyr21o6eAy6w60jZqHJm3mxfd1hKREjWgV_L5vDhrQr8CKy_u-Q-nMobH4L",
            "client_uri": "",
            "consent_method": "REQUIRED",
            "enduser_note": "",
            "frontchannel_logout_session_required": false,
            "frontchannel_logout_uri": "",
            "grant_types": [
              "authorization_code"
            ],
            "groups_claim": [],
            "hide_ios": true,
            "hide_web": true,
            "id": "0oayx4pszgzL9w4RY697",
            "implicit_assignment": false,
            "issuer_mode": "DYNAMIC",
            "jwks": [],
            "jwks_uri": "",
            "label": "Test-App2",
            "login_mode": "DISABLED",
            "login_scopes": null,
            "login_uri": "",
            "logo": null,
            "logo_uri": "",
            "logo_url": "",
            "name": "oidc_client",
            "omit_secret": false,
            "participate_slo": false,
            "pkce_required": false,
            "policy_uri": "",
            "post_logout_redirect_uris": [
              "https://reporting.com"
            ],
            "profile": "",
            "redirect_uris": [
              "https://test.reporting.com/callback"
            ],
            "refresh_token_leeway": 0,
            "refresh_token_rotation": "ROTATE",
            "response_types": [
              "code"
            ],
            "sign_on_mode": "OPENID_CONNECT",
            "status": "ACTIVE",
            "timeouts": null,
            "token_endpoint_auth_method": "client_secret_basic",
            "tos_uri": "",
            "type": "web",
            "user_name_template": "${source.login}",
            "user_name_template_push_status": "",
            "user_name_template_suffix": "",
            "user_name_template_type": "BUILT_IN",
            "wildcard_redirect": "DISABLED"
          },
          "sensitive_attributes": [
            [
              {
                "type": "get_attr",
                "value": "client_basic_secret"
              }
            ],
            [
              {
                "type": "get_attr",
                "value": "client_secret"
              }
            ]
          ],
          "identity_schema_version": 0,
          "private": "eyJlMmJmYjczMC1lY2FhLTExZTYtOGY4OC0zNDM2M2JjN2M0YzAiOnsiY3JlYXRlIjozNjAwMDAwMDAwMDAwLCJyZWFkIjozNjAwMDAwMDAwMDAwLCJ1cGRhdGUiOjM2MDAwMDAwMDAwMDB9fQ=="
        }
      ]
    },
    {
      "module": "module.saml_apps[\"test_saml_app\"]",
      "mode": "managed",
      "type": "okta_app_saml",
      "name": "this",
      "provider": "provider[\"registry.terraform.io/okta/okta\"]",
      "instances": [
        {
          "schema_version": 0,
          "attributes": {
            "accessibility_error_redirect_url": "",
            "accessibility_login_redirect_url": "",
            "accessibility_self_service": false,
            "acs_endpoints": null,
            "acs_endpoints_indices": [],
            "admin_note": "",
            "app_links_json": "{\"demo-automation-terraform-12601_samlapp1_2_link\":true}",
            "app_settings_json": "{}",
            "assertion_signed": true,
            "attribute_statements": [
              {
                "filter_type": "",
                "filter_value": "",
                "name": "email",
                "namespace": "urn:oasis:names:tc:SAML:2.0:attrname-format:unspecified",
                "type": "EXPRESSION",
                "values": [
                  "user.email"
                ]
              },
              {
                "filter_type": "STARTS_WITH",
                "filter_value": "test",
                "name": "groupName",
                "namespace": "urn:oasis:names:tc:SAML:2.0:attrname-format:unspecified",
                "type": "GROUP",
                "values": null
              }
            ],
            "audience": "https://auth.gmail.com/2L6HIlXaS2xnQKsiIF2zBs4Af",
            "authentication_policy": "rstye8z7cabfcKmYH697",
            "authn_context_class_ref": "urn:oasis:names:tc:SAML:2.0:ac:classes:PasswordProtectedTransport",
            "auto_submit_toolbar": false,
            "certificate": "MIIDzjCCAragAwIBAgIGAZuTvENXMA0GCSqGSIb3DQEBCwUAMIGnMQswCQYDVQQGEwJVUzETMBEG\nA1UECAwKQ2FsaWZvcm5pYTEWMBQGA1UEBwwNU2FuIEZyYW5jaXNjbzENMAsGA1UECgwET2t0YTEU\nMBIGA1UECwwLU1NPUHJvdmlkZXIxKDAmBgNVBAMMH2RlbW8tYXV0b21hdGlvbi10ZXJyYWZvcm0t\nMTI2MDExHDAaBgkqhkiG9w0BCQEWDWluZm9Ab2t0YS5jb20wHhcNMjYwMTA2MTQzNDQ3WhcNMzYw\nMTA2MTQzNTQ3WjCBpzELMAkGA1UEBhMCVVMxEzARBgNVBAgMCkNhbGlmb3JuaWExFjAUBgNVBAcM\nDVNhbiBGcmFuY2lzY28xDTALBgNVBAoMBE9rdGExFDASBgNVBAsMC1NTT1Byb3ZpZGVyMSgwJgYD\nVQQDDB9kZW1vLWF1dG9tYXRpb24tdGVycmFmb3JtLTEyNjAxMRwwGgYJKoZIhvcNAQkBFg1pbmZv\nQG9rdGEuY29tMIIBIjANBgkqhkiG9w0BAQEFAAOCAQ8AMIIBCgKCAQEAotm/X8pH+Dds0W+Tlv3I\nat8s0lMrsd2RWdXMVfXsVaZxLNesvs8rvBs4T5THq6D8POMyZu78TrzC6MmWrp4td4IYTMQjDL+u\nEp9glpI+FvsVkb5hLBVuA9XRyt7y72Q8KRJed7vchojUgJCBn7dKvW+3qcFYz6CYKlC+8q+g9EGA\nPq6/Lhsu9nRPgft/MY8ePzUf8lFnbmrrJ/WSD80RCcrYhIGfECZ0Q5MQbC4O7apvIGWFrKA/vtSg\nMqxMRc5aU9u7Z3C7cBhL8RdiU4hpbpaPkrOh8QGqmfItEmE3Mc22AqFKlCQAK2U7sFv1TlAdpVAa\nWV0ks8BkFBRCam7FdwIDAQABMA0GCSqGSIb3DQEBCwUAA4IBAQCiJDZWZ2mibHjmANAZ7pJASLYP\nWa9ZhSEmc0HddjH3rYCo47/zi9g+TnZXua6B78FwhZY8FeSIJO0Me1NVuHSbzDKXHgZ8OKeJ80F5\nrf+JK37r8KU26VuXLEV1ATaYVhipypnW0//cGmbenoOp79an85Ki3ujcvlXfMv+wThVJGoihHibQ\nIrD4tiTw9aRrlIMGqM1BkuckS45yzSf5G7B8Uq4xcrP2cOSd0At9ssaFD84DsiDUYWYbuA/m1tFn\nf7gNyLKI0Rns3fYkzyHgzrSuk0Slm2c3fT2dwvslmEOBAdKnLBhjvkQBbrvOQAfUsPMJ10kH5zrz\n6cm1Eh/2mdPG",
            "default_relay_state": "",
            "destination": "https://auth.workos.com/sso/saml/acs/2L6HIlXaS2xnQKsiIF2zBs4Af",
            "digest_algorithm": "SHA256",
            "embed_url": "https://demo-automation-terraform-12601.okta.com/home/demo-automation-terraform-12601_samlapp1_2/0oayx4rsp861Tuoza697/alnyx59pakWnsV1o3697",
            "enduser_note": "",
            "entity_key": "exkyx4rsp72TtLNxa697",
            "entity_url": "http://www.okta.com/exkyx4rsp72TtLNxa697",
            "features": [],
            "hide_ios": false,
            "hide_web": false,
            "honor_force_authn": true,
            "http_post_binding": "https://demo-automation-terraform-12601.okta.com/app/demo-automation-terraform-12601_samlapp1_2/exkyx4rsp72TtLNxa697/sso/saml",
            "http_redirect_binding": "https://demo-automation-terraform-12601.okta.com/app/demo-automation-terraform-12601_samlapp1_2/exkyx4rsp72TtLNxa697/sso/saml",
            "id": "0oayx4rsp861Tuoza697",
            "idp_issuer": "http://www.okta.com/${org.externalKey}",
            "implicit_assignment": false,
            "inline_hook_id": null,
            "key_id": "eRXp_PHDBKj3CGvAQgBSkAWroEDp8usJfaf5jb1WTYY",
            "key_name": null,
            "key_years_valid": null,
            "keys": [
              {
                "created": "2026-01-06 14:35:47 +0000 UTC",
                "e": "AQAB",
                "expires_at": "2036-01-06 14:35:47 +0000 UTC",
                "kid": "eRXp_PHDBKj3CGvAQgBSkAWroEDp8usJfaf5jb1WTYY",
                "kty": "RSA",
                "last_updated": "2026-01-06 14:35:47 +0000 UTC",
                "n": "otm_X8pH-Dds0W-Tlv3Iat8s0lMrsd2RWdXMVfXsVaZxLNesvs8rvBs4T5THq6D8POMyZu78TrzC6MmWrp4td4IYTMQjDL-uEp9glpI-FvsVkb5hLBVuA9XRyt7y72Q8KRJed7vchojUgJCBn7dKvW-3qcFYz6CYKlC-8q-g9EGAPq6_Lhsu9nRPgft_MY8ePzUf8lFnbmrrJ_WSD80RCcrYhIGfECZ0Q5MQbC4O7apvIGWFrKA_vtSgMqxMRc5aU9u7Z3C7cBhL8RdiU4hpbpaPkrOh8QGqmfItEmE3Mc22AqFKlCQAK2U7sFv1TlAdpVAaWV0ks8BkFBRCam7Fdw",
                "use": "sig",
                "x5c": [
                  "MIIDzjCCAragAwIBAgIGAZuTvENXMA0GCSqGSIb3DQEBCwUAMIGnMQswCQYDVQQGEwJVUzETMBEGA1UECAwKQ2FsaWZvcm5pYTEWMBQGA1UEBwwNU2FuIEZyYW5jaXNjbzENMAsGA1UECgwET2t0YTEUMBIGA1UECwwLU1NPUHJvdmlkZXIxKDAmBgNVBAMMH2RlbW8tYXV0b21hdGlvbi10ZXJyYWZvcm0tMTI2MDExHDAaBgkqhkiG9w0BCQEWDWluZm9Ab2t0YS5jb20wHhcNMjYwMTA2MTQzNDQ3WhcNMzYwMTA2MTQzNTQ3WjCBpzELMAkGA1UEBhMCVVMxEzARBgNVBAgMCkNhbGlmb3JuaWExFjAUBgNVBAcMDVNhbiBGcmFuY2lzY28xDTALBgNVBAoMBE9rdGExFDASBgNVBAsMC1NTT1Byb3ZpZGVyMSgwJgYDVQQDDB9kZW1vLWF1dG9tYXRpb24tdGVycmFmb3JtLTEyNjAxMRwwGgYJKoZIhvcNAQkBFg1pbmZvQG9rdGEuY29tMIIBIjANBgkqhkiG9w0BAQEFAAOCAQ8AMIIBCgKCAQEAotm/X8pH+Dds0W+Tlv3Iat8s0lMrsd2RWdXMVfXsVaZxLNesvs8rvBs4T5THq6D8POMyZu78TrzC6MmWrp4td4IYTMQjDL+uEp9glpI+FvsVkb5hLBVuA9XRyt7y72Q8KRJed7vchojUgJCBn7dKvW+3qcFYz6CYKlC+8q+g9EGAPq6/Lhsu9nRPgft/MY8ePzUf8lFnbmrrJ/WSD80RCcrYhIGfECZ0Q5MQbC4O7apvIGWFrKA/vtSgMqxMRc5aU9u7Z3C7cBhL8RdiU4hpbpaPkrOh8QGqmfItEmE3Mc22AqFKlCQAK2U7sFv1TlAdpVAaWV0ks8BkFBRCam7FdwIDAQABMA0GCSqGSIb3DQEBCwUAA4IBAQCiJDZWZ2mibHjmANAZ7pJASLYPWa9ZhSEmc0HddjH3rYCo47/zi9g+TnZXua6B78FwhZY8FeSIJO0Me1NVuHSbzDKXHgZ8OKeJ80F5rf+JK37r8KU26VuXLEV1ATaYVhipypnW0//cGmbenoOp79an85Ki3ujcvlXfMv+wThVJGoihHibQIrD4tiTw9aRrlIMGqM1BkuckS45yzSf5G7B8Uq4xcrP2cOSd0At9ssaFD84DsiDUYWYbuA/m1tFnf7gNyLKI0Rns3fYkzyHgzrSuk0Slm2c3fT2dwvslmEOBAdKnLBhjvkQBbrvOQAfUsPMJ10kH5zrz6cm1Eh/2mdPG"
                ],
                "x5t_s256": "XGwV-FHDg3SY8CzfCaFpeIwHtzqVz_98GjwhBQrneio"
              }
            ],
            "label": "SAML APP1",
            "logo": null,
            "logo_url": "https://ok14static.oktacdn.com/assets/img/logos/default.6770228fb0dab49a1695ef440a5279bb.png",
            "metadata": "\u003c?xml version=\"1.0\" encoding=\"UTF-8\"?\u003e\u003cmd:EntityDescriptor entityID=\"http://www.okta.com/exkyx4rsp72TtLNxa697\" xmlns:md=\"urn:oasis:names:tc:SAML:2.0:metadata\"\u003e\u003cmd:IDPSSODescriptor WantAuthnRequestsSigned=\"false\" protocolSupportEnumeration=\"urn:oasis:names:tc:SAML:2.0:protocol\"\u003e\u003cmd:KeyDescriptor use=\"signing\"\u003e\u003cds:KeyInfo xmlns:ds=\"http://www.w3.org/2000/09/xmldsig#\"\u003e\u003cds:X509Data\u003e\u003cds:X509Certificate\u003eMIIDzjCCAragAwIBAgIGAZuTvENXMA0GCSqGSIb3DQEBCwUAMIGnMQswCQYDVQQGEwJVUzETMBEG\nA1UECAwKQ2FsaWZvcm5pYTEWMBQGA1UEBwwNU2FuIEZyYW5jaXNjbzENMAsGA1UECgwET2t0YTEU\nMBIGA1UECwwLU1NPUHJvdmlkZXIxKDAmBgNVBAMMH2RlbW8tYXV0b21hdGlvbi10ZXJyYWZvcm0t\nMTI2MDExHDAaBgkqhkiG9w0BCQEWDWluZm9Ab2t0YS5jb20wHhcNMjYwMTA2MTQzNDQ3WhcNMzYw\nMTA2MTQzNTQ3WjCBpzELMAkGA1UEBhMCVVMxEzARBgNVBAgMCkNhbGlmb3JuaWExFjAUBgNVBAcM\nDVNhbiBGcmFuY2lzY28xDTALBgNVBAoMBE9rdGExFDASBgNVBAsMC1NTT1Byb3ZpZGVyMSgwJgYD\nVQQDDB9kZW1vLWF1dG9tYXRpb24tdGVycmFmb3JtLTEyNjAxMRwwGgYJKoZIhvcNAQkBFg1pbmZv\nQG9rdGEuY29tMIIBIjANBgkqhkiG9w0BAQEFAAOCAQ8AMIIBCgKCAQEAotm/X8pH+Dds0W+Tlv3I\nat8s0lMrsd2RWdXMVfXsVaZxLNesvs8rvBs4T5THq6D8POMyZu78TrzC6MmWrp4td4IYTMQjDL+u\nEp9glpI+FvsVkb5hLBVuA9XRyt7y72Q8KRJed7vchojUgJCBn7dKvW+3qcFYz6CYKlC+8q+g9EGA\nPq6/Lhsu9nRPgft/MY8ePzUf8lFnbmrrJ/WSD80RCcrYhIGfECZ0Q5MQbC4O7apvIGWFrKA/vtSg\nMqxMRc5aU9u7Z3C7cBhL8RdiU4hpbpaPkrOh8QGqmfItEmE3Mc22AqFKlCQAK2U7sFv1TlAdpVAa\nWV0ks8BkFBRCam7FdwIDAQABMA0GCSqGSIb3DQEBCwUAA4IBAQCiJDZWZ2mibHjmANAZ7pJASLYP\nWa9ZhSEmc0HddjH3rYCo47/zi9g+TnZXua6B78FwhZY8FeSIJO0Me1NVuHSbzDKXHgZ8OKeJ80F5\nrf+JK37r8KU26VuXLEV1ATaYVhipypnW0//cGmbenoOp79an85Ki3ujcvlXfMv+wThVJGoihHibQ\nIrD4tiTw9aRrlIMGqM1BkuckS45yzSf5G7B8Uq4xcrP2cOSd0At9ssaFD84DsiDUYWYbuA/m1tFn\nf7gNyLKI0Rns3fYkzyHgzrSuk0Slm2c3fT2dwvslmEOBAdKnLBhjvkQBbrvOQAfUsPMJ10kH5zrz\n6cm1Eh/2mdPG\u003c/ds:X509Certificate\u003e\u003c/ds:X509Data\u003e\u003c/ds:KeyInfo\u003e\u003c/md:KeyDescriptor\u003e\u003cmd:NameIDFormat\u003eurn:oasis:names:tc:SAML:1.1:nameid-format:unspecified\u003c/md:NameIDFormat\u003e\u003cmd:NameIDFormat\u003eurn:oasis:names:tc:SAML:1.1:nameid-format:emailAddress\u003c/md:NameIDFormat\u003e\u003cmd:SingleSignOnService Binding=\"urn:oasis:names:tc:SAML:2.0:bindings:HTTP-POST\" Location=\"https://demo-automation-terraform-12601.okta.com/app/demo-automation-terraform-12601_samlapp1_2/exkyx4rsp72TtLNxa697/sso/saml\"/\u003e\u003cmd:SingleSignOnService Binding=\"urn:oasis:names:tc:SAML:2.0:bindings:HTTP-Redirect\" Location=\"https://demo-automation-terraform-12601.okta.com/app/demo-automation-terraform-12601_samlapp1_2/exkyx4rsp72TtLNxa697/sso/saml\"/\u003e\u003c/md:IDPSSODescriptor\u003e\u003c/md:EntityDescriptor\u003e",
            "metadata_url": "https://demo-automation-terraform-12601.okta.com/api/v1/apps/0oayx4rsp861Tuoza697/sso/saml/metadata",
            "name": "demo-automation-terraform-12601_samlapp1_2",
            "preconfigured_app": "demo-automation-terraform-12601_samlapp1_2",
            "recipient": "https://auth.workos.com/sso/saml/acs/2L6HIlXaS2xnQKsiIF2zBs4Af",
            "request_compressed": null,
            "response_signed": true,
            "saml_signed_request_enabled": false,
            "saml_version": "2.0",
            "sign_on_mode": "SAML_2_0",
            "signature_algorithm": "RSA_SHA256",
            "single_logout_certificate": null,
            "single_logout_issuer": null,
            "single_logout_url": null,
            "sp_issuer": null,
            "sso_url": "https://auth.workos.com/sso/saml/acs/2L6HIlXaS2xnQKsiIF2zBs4Af",
            "status": "ACTIVE",
            "subject_name_id_format": "urn:oasis:names:tc:SAML:1.1:nameid-format:unspecified",
            "subject_name_id_template": "${user.userName}",
            "timeouts": null,
            "user_name_template": "${source.login}",
            "user_name_template_push_status": "",
            "user_name_template_suffix": "",
            "user_name_template_type": "BUILT_IN"
          },
          "sensitive_attributes": [],
          "identity_schema_version": 0,
          "private": "eyJlMmJmYjczMC1lY2FhLTExZTYtOGY4OC0zNDM2M2JjN2M0YzAiOnsiY3JlYXRlIjozNjAwMDAwMDAwMDAwLCJyZWFkIjozNjAwMDAwMDAwMDAwLCJ1cGRhdGUiOjM2MDAwMDAwMDAwMDB9fQ=="
        }
      ]
    }
  ],
  "check_results": null
}
